
Microsoft Visual Studio Solution File, Format Version 12.00
# Visual Studio Version 18
VisualStudioVersion = 18.4.11605.240 stable
MinimumVisualStudioVersion = 10.0.40219.1
Project("{FAE04EC0-301F-11D3-BF4B-00C04F79EFBC}") = "MultiChatClient", "MultiChatClient.csproj", "{02E2F15D-EB6E-8819-C659-F2A28AC2B509}"
EndProject
Global
	GlobalSection(SolutionConfigurationPlatforms) = preSolution
		Debug|Any CPU = Debug|Any CPU
		Release|Any CPU = Release|Any CPU
	EndGlobalSection
	GlobalSection(ProjectConfigurationPlatforms) = postSolution
		{02E2F15D-EB6E-8819-C659-F2A28AC2B509}.Debug|Any CPU.ActiveCfg = Debug|Any CPU
		{02E2F15D-EB6E-8819-C659-F2A28AC2B509}.Debug|Any CPU.Build.0 = Debug|Any CPU
		{02E2F15D-EB6E-8819-C659-F2A28AC2B509}.Release|Any CPU.ActiveCfg = Release|Any CPU
		{02E2F15D-EB6E-8819-C659-F2A28AC2B509}.Release|Any CPU.Build.0 = Release|Any CPU
	EndGlobalSection
	GlobalSection(SolutionProperties) = preSolution
		HideSolutionNode = FALSE
	EndGlobalSection
	GlobalSection(ExtensibilityGlobals) = postSolution
		SolutionGuid = {52DE4A02-79AD-402B-8666-E8C207FD3A8E}
	EndGlobalSection
EndGlobal
